
Microsoft Visual Studio Solution File, Format Version 12.00
# Visual Studio Version 17
VisualStudioVersion = 17.9.34723.18
MinimumVisualStudioVersion = 10.0.40219.1
Project("{FAE04EC0-301F-11D3-BF4B-00C04F79EFBC}") = "scrapeText", "scrapeText\scrapeText.csproj", "{B464C232-43C1-4190-8907-A1A6355A3E57}"
EndProject
Global
	GlobalSection(SolutionConfigurationPlatforms) = preSolution
		Debug|Any CPU = Debug|Any CPU
		Release|Any CPU = Release|Any CPU
	EndGlobalSection
	GlobalSection(ProjectConfigurationPlatforms) = postSolution
		{B464C232-43C1-4190-8907-A1A6355A3E57}.Debug|Any CPU.ActiveCfg = Debug|Any CPU
		{B464C232-43C1-4190-8907-A1A6355A3E57}.Debug|Any CPU.Build.0 = Debug|Any CPU
		{B464C232-43C1-4190-8907-A1A6355A3E57}.Release|Any CPU.ActiveCfg = Release|Any CPU
		{B464C232-43C1-4190-8907-A1A6355A3E57}.Release|Any CPU.Build.0 = Release|Any CPU
	EndGlobalSection
	GlobalSection(SolutionProperties) = preSolution
		HideSolutionNode = FALSE
	EndGlobalSection
	GlobalSection(ExtensibilityGlobals) = postSolution
		SolutionGuid = {61C17889-3DBE-4FB5-9A06-4284EFB69BF2}
	EndGlobalSection
EndGlobal
